
Microsoft Visual Studio Solution File, Format Version 12.00
# Visual Studio Version 17
VisualStudioVersion = 17.1.32414.318
MinimumVisualStudioVersion = 10.0.40219.1
Project("{FAE04EC0-301F-11D3-BF4B-00C04F79EFBC}") = "OOP", "OOP\OOP.csproj", "{BE71FE94-3D0C-4E90-9DAD-89CF5AFFCA63}"
EndProject
Global
	GlobalSection(SolutionConfigurationPlatforms) = preSolution
		Debug|Any CPU = Debug|Any CPU
		Release|Any CPU = Release|Any CPU
	EndGlobalSection
	GlobalSection(ProjectConfigurationPlatforms) = postSolution
		{BE71FE94-3D0C-4E90-9DAD-89CF5AFFCA63}.Debug|Any CPU.ActiveCfg = Debug|Any CPU
		{BE71FE94-3D0C-4E90-9DAD-89CF5AFFCA63}.Debug|Any CPU.Build.0 = Debug|Any CPU
		{BE71FE94-3D0C-4E90-9DAD-89CF5AFFCA63}.Release|Any CPU.ActiveCfg = Release|Any CPU
		{BE71FE94-3D0C-4E90-9DAD-89CF5AFFCA63}.Release|Any CPU.Build.0 = Release|Any CPU
	EndGlobalSection
	GlobalSection(SolutionProperties) = preSolution
		HideSolutionNode = FALSE
	EndGlobalSection
	GlobalSection(ExtensibilityGlobals) = postSolution
		SolutionGuid = {5992B621-DAD1-48C1-BAC5-16D2ADB6BB52}
	EndGlobalSection
EndGlobal
